{
  "name": "forge-starter",
  "version": "1.0.0",
  "lockfileVersion": 2,
  "requires": true,
  "packages": {
    "": {
      "name": "forge-starter",
      "version": "1.0.0",
      "license": "MIT",
      "dependencies": {
        "@thirdweb-dev/contracts": "^3"
      }
    },
    "node_modules/@thirdweb-dev/contracts": {
      "version": "3.5.8",
      "resolved": "https://registry.npmjs.org/@thirdweb-dev/contracts/-/contracts-3.5.8.tgz",
      "integrity": "sha512-G1lvT65hK22CuR3dD1M7QEaz3H1aqeEmbxi/JZryFskxj/xX65yrIurn7CejIFPWm3NHp3gfupdIik2YLJ2/RA=="
    }
  },
  "dependencies": {
    "@thirdweb-dev/contracts": {
      "version": "3.5.8",
      "resolved": "https://registry.npmjs.org/@thirdweb-dev/contracts/-/contracts-3.5.8.tgz",
      "integrity": "sha512-G1lvT65hK22CuR3dD1M7QEaz3H1aqeEmbxi/JZryFskxj/xX65yrIurn7CejIFPWm3NHp3gfupdIik2YLJ2/RA=="
    }
  }
}
